
Microsoft Visual Studio Solution File, Format Version 12.00
# Visual Studio Version 16
VisualStudioVersion = 16.0.808.4
MinimumVisualStudioVersion = 10.0.40219.1
Project("{FAE04EC0-301F-11D3-BF4B-00C04F79EFBC}") = "Domain", "Domain\Domain.csproj", "{86B00838-35C8-47F1-AA39-3392D7F35996}"
EndProject
Project("{FAE04EC0-301F-11D3-BF4B-00C04F79EFBC}") = "Application", "Application\Application.csproj", "{2D08DDDD-0E41-48F5-B0D9-36B8597E3BDE}"
EndProject
Project("{FAE04EC0-301F-11D3-BF4B-00C04F79EFBC}") = "Infrastructure", "Infrastructure\Infrastructure.csproj", "{A1613106-9161-4545-8CC1-9CE5936B6D6E}"
EndProject
Global
	GlobalSection(SolutionConfigurationPlatforms) = preSolution
		Debug|Any CPU = Debug|Any CPU
		Release|Any CPU = Release|Any CPU
	EndGlobalSection
	GlobalSection(ProjectConfigurationPlatforms) = postSolution
		{86B00838-35C8-47F1-AA39-3392D7F35996}.Debug|Any CPU.ActiveCfg = Debug|Any CPU
		{86B00838-35C8-47F1-AA39-3392D7F35996}.Debug|Any CPU.Build.0 = Debug|Any CPU
		{86B00838-35C8-47F1-AA39-3392D7F35996}.Release|Any CPU.ActiveCfg = Release|Any CPU
		{86B00838-35C8-47F1-AA39-3392D7F35996}.Release|Any CPU.Build.0 = Release|Any CPU
		{2D08DDDD-0E41-48F5-B0D9-36B8597E3BDE}.Debug|Any CPU.ActiveCfg = Debug|Any CPU
		{2D08DDDD-0E41-48F5-B0D9-36B8597E3BDE}.Debug|Any CPU.Build.0 = Debug|Any CPU
		{2D08DDDD-0E41-48F5-B0D9-36B8597E3BDE}.Release|Any CPU.ActiveCfg = Release|Any CPU
		{2D08DDDD-0E41-48F5-B0D9-36B8597E3BDE}.Release|Any CPU.Build.0 = Release|Any CPU
		{A1613106-9161-4545-8CC1-9CE5936B6D6E}.Debug|Any CPU.ActiveCfg = Debug|Any CPU
		{A1613106-9161-4545-8CC1-9CE5936B6D6E}.Debug|Any CPU.Build.0 = Debug|Any CPU
		{A1613106-9161-4545-8CC1-9CE5936B6D6E}.Release|Any CPU.ActiveCfg = Release|Any CPU
		{A1613106-9161-4545-8CC1-9CE5936B6D6E}.Release|Any CPU.Build.0 = Release|Any CPU
	EndGlobalSection
	GlobalSection(SolutionProperties) = preSolution
		HideSolutionNode = FALSE
	EndGlobalSection
	GlobalSection(ExtensibilityGlobals) = postSolution
		SolutionGuid = {E6F598A3-D577-45B3-86C2-3FE0F040604E}
	EndGlobalSection
EndGlobal
